
Microsoft Visual Studio Solution File, Format Version 12.00
# Visual Studio Version 16
VisualStudioVersion = 16.0.30621.155
MinimumVisualStudioVersion = 10.0.40219.1
Project("{FAE04EC0-301F-11D3-BF4B-00C04F79EFBC}") = "PersonInfo", "PersonInfo\PersonInfo.csproj", "{88226496-A275-4BBC-B3FA-D2EC0EC6DE1B}"
EndProject
Global
	GlobalSection(SolutionConfigurationPlatforms) = preSolution
		Debug|Any CPU = Debug|Any CPU
		Release|Any CPU = Release|Any CPU
	EndGlobalSection
	GlobalSection(ProjectConfigurationPlatforms) = postSolution
		{88226496-A275-4BBC-B3FA-D2EC0EC6DE1B}.Debug|Any CPU.ActiveCfg = Debug|Any CPU
		{88226496-A275-4BBC-B3FA-D2EC0EC6DE1B}.Debug|Any CPU.Build.0 = Debug|Any CPU
		{88226496-A275-4BBC-B3FA-D2EC0EC6DE1B}.Release|Any CPU.ActiveCfg = Release|Any CPU
		{88226496-A275-4BBC-B3FA-D2EC0EC6DE1B}.Release|Any CPU.Build.0 = Release|Any CPU
	EndGlobalSection
	GlobalSection(SolutionProperties) = preSolution
		HideSolutionNode = FALSE
	EndGlobalSection
	GlobalSection(ExtensibilityGlobals) = postSolution
		SolutionGuid = {429ADDD5-FA07-41AB-9F91-919B5FB25DAE}
	EndGlobalSection
EndGlobal
